
Microsoft Visual Studio Solution File, Format Version 12.00
# Visual Studio 14
VisualStudioVersion = 14.0.25123.0
MinimumVisualStudioVersion = 10.0.40219.1
Project("{FAE04EC0-301F-11D3-BF4B-00C04F79EFBC}") = "MQLightDemo", "MQLightDemo.csproj", "{4C4A7141-24B2-41EB-AA5E-BEBF8A91A5EC}"
EndProject
Project("{FAE04EC0-301F-11D3-BF4B-00C04F79EFBC}") = "MQLight", "..\MQLight\MQLight.csproj", "{1204AB32-5C40-43FE-86F6-FAF9100F3B80}"
EndProject
Global
	GlobalSection(SolutionConfigurationPlatforms) = preSolution
		Debug|Any CPU = Debug|Any CPU
		Release|Any CPU = Release|Any CPU
	EndGlobalSection
	GlobalSection(ProjectConfigurationPlatforms) = postSolution
		{4C4A7141-24B2-41EB-AA5E-BEBF8A91A5EC}.Debug|Any CPU.ActiveCfg = Debug|Any CPU
		{4C4A7141-24B2-41EB-AA5E-BEBF8A91A5EC}.Debug|Any CPU.Build.0 = Debug|Any CPU
		{4C4A7141-24B2-41EB-AA5E-BEBF8A91A5EC}.Release|Any CPU.ActiveCfg = Release|Any CPU
		{4C4A7141-24B2-41EB-AA5E-BEBF8A91A5EC}.Release|Any CPU.Build.0 = Release|Any CPU
		{1204AB32-5C40-43FE-86F6-FAF9100F3B80}.Debug|Any CPU.ActiveCfg = Debug|Any CPU
		{1204AB32-5C40-43FE-86F6-FAF9100F3B80}.Debug|Any CPU.Build.0 = Debug|Any CPU
		{1204AB32-5C40-43FE-86F6-FAF9100F3B80}.Release|Any CPU.ActiveCfg = Release|Any CPU
		{1204AB32-5C40-43FE-86F6-FAF9100F3B80}.Release|Any CPU.Build.0 = Release|Any CPU
	EndGlobalSection
	GlobalSection(SolutionProperties) = preSolution
		HideSolutionNode = FALSE
	EndGlobalSection
EndGlobal
